
Microsoft Visual Studio Solution File, Format Version 12.00
# Visual Studio Version 16
VisualStudioVersion = 16.0.31702.278
MinimumVisualStudioVersion = 10.0.40219.1
Project("{FAE04EC0-301F-11D3-BF4B-00C04F79EFBC}") = "ApiFirst", "ApiFirst\ApiFirst.csproj", "{FAB17BAF-6CCC-467C-8610-336B4D263B60}"
EndProject
Global
	GlobalSection(SolutionConfigurationPlatforms) = preSolution
		Debug|Any CPU = Debug|Any CPU
		Release|Any CPU = Release|Any CPU
	EndGlobalSection
	GlobalSection(ProjectConfigurationPlatforms) = postSolution
		{FAB17BAF-6CCC-467C-8610-336B4D263B60}.Debug|Any CPU.ActiveCfg = Debug|Any CPU
		{FAB17BAF-6CCC-467C-8610-336B4D263B60}.Debug|Any CPU.Build.0 = Debug|Any CPU
		{FAB17BAF-6CCC-467C-8610-336B4D263B60}.Release|Any CPU.ActiveCfg = Release|Any CPU
		{FAB17BAF-6CCC-467C-8610-336B4D263B60}.Release|Any CPU.Build.0 = Release|Any CPU
	EndGlobalSection
	GlobalSection(SolutionProperties) = preSolution
		HideSolutionNode = FALSE
	EndGlobalSection
	GlobalSection(ExtensibilityGlobals) = postSolution
		SolutionGuid = {3565C374-59BE-4F76-A4B5-1AF035BF74FB}
	EndGlobalSection
EndGlobal
